// !$*UTF8*$!
{
	archiveVersion = 1;
	classes = {
	};
	objectVersion = 50;
	objects = {

/* Begin PBXBuildFile section */
		B3B74D3826CDCACB00BE6FE8 /* AppDelegate.swift in Sources */ = {isa = PBXBuildFile; fileRef = B3B74D3726CDCACB00BE6FE8 /* AppDelegate.swift */; };
		B3B74D3A26CDCACB00BE6FE8 /* SceneDelegate.swift in Sources */ = {isa = PBXBuildFile; fileRef = B3B74D3926CDCACB00BE6FE8 /* SceneDelegate.swift */; };
		B3B74D3C26CDCACB00BE6FE8 /* ViewController.swift in Sources */ = {isa = PBXBuildFile; fileRef = B3B74D3B26CDCACB00BE6FE8 /* ViewController.swift */; };
		B3B74D3F26CDCACB00BE6FE8 /* Main.storyboard in Resources */ = {isa = PBXBuildFile; fileRef = B3B74D3D26CDCACB00BE6FE8 /* Main.storyboard */; };
		B3B74D4126CDCACD00BE6FE8 /* Assets.xcassets in Resources */ = {isa = PBXBuildFile; fileRef = B3B74D4026CDCACD00BE6FE8 /* Assets.xcassets */; };
		B3B74D4426CDCACD00BE6FE8 /* LaunchScreen.storyboard in Resources */ = {isa = PBXBuildFile; fileRef = B3B74D4226CDCACD00BE6FE8 /* LaunchScreen.storyboard */; };
		B3B74D4F26CDCACE00BE6FE8 /* _0210818_EvanTempleton_NYCSchoolsTests.swift in Sources */ = {isa = PBXBuildFile; fileRef = B3B74D4E26CDCACE00BE6FE8 /* _0210818_EvanTempleton_NYCSchoolsTests.swift */; };
		B3B74D5A26CDCACE00BE6FE8 /* _0210818_EvanTempleton_NYCSchoolsUITests.swift in Sources */ = {isa = PBXBuildFile; fileRef = B3B74D5926CDCACE00BE6FE8 /* _0210818_EvanTempleton_NYCSchoolsUITests.swift */; };
/* End PBXBuildFile section */

/* Begin PBXContainerItemProxy section */
		B3B74D4B26CDCACE00BE6FE8 /* PBXContainerItemProxy */ = {
			isa = PBXContainerItemProxy;
			containerPortal = B3B74D2C26CDCACB00BE6FE8 /* Project object */;
			proxyType = 1;
			remoteGlobalIDString = B3B74D3326CDCACB00BE6FE8;
			remoteInfo = "20210818-EvanTempleton-NYCSchools";
		};
		B3B74D5626CDCACE00BE6FE8 /* PBXContainerItemProxy */ = {
			isa = PBXContainerItemProxy;
			containerPortal = B3B74D2C26CDCACB00BE6FE8 /* Project object */;
			proxyType = 1;
			remoteGlobalIDString = B3B74D3326CDCACB00BE6FE8;
			remoteInfo = "20210818-EvanTempleton-NYCSchools";
		};
/* End PBXContainerItemProxy section */

/* Begin PBXFileReference section */
		B3B74D3426CDCACB00BE6FE8 /* 20210818-EvanTempleton-NYCSchools.app */ = {isa = PBXFileReference; explicitFileType = wrapper.application; includeInIndex = 0; path = "20210818-EvanTempleton-NYCSchools.app"; sourceTree = BUILT_PRODUCTS_DIR; };
		B3B74D3726CDCACB00BE6FE8 /* AppDelegate.swift */ = {isa = PBXFileReference; lastKnownFileType = sourcecode.swift; path = AppDelegate.swift; sourceTree = "<group>"; };
		B3B74D3926CDCACB00BE6FE8 /* SceneDelegate.swift */ = {isa = PBXFileReference; lastKnownFileType = sourcecode.swift; path = SceneDelegate.swift; sourceTree = "<group>"; };
		B3B74D3B26CDCACB00BE6FE8 /* ViewController.swift */ = {isa = PBXFileReference; lastKnownFileType = sourcecode.swift; path = ViewController.swift; sourceTree = "<group>"; };
		B3B74D3E26CDCACB00BE6FE8 /* Base */ = {isa = PBXFileReference; lastKnownFileType = file.storyboard; name = Base; path = Base.lproj/Main.storyboard; sourceTree = "<group>"; };
		B3B74D4026CDCACD00BE6FE8 /* Assets.xcassets */ = {isa = PBXFileReference; lastKnownFileType = folder.assetcatalog; path = Assets.xcassets; sourceTree = "<group>"; };
		B3B74D4326CDCACD00BE6FE8 /* Base */ = {isa = PBXFileReference; lastKnownFileType = file.storyboard; name = Base; path = Base.lproj/LaunchScreen.storyboard; sourceTree = "<group>"; };
		B3B74D4526CDCACD00BE6FE8 /* Info.plist */ = {isa = PBXFileReference; lastKnownFileType = text.plist.xml; path = Info.plist; sourceTree = "<group>"; };
		B3B74D4A26CDCACE00BE6FE8 /* 20210818-EvanTempleton-NYCSchoolsTests.xctest */ = {isa = PBXFileReference; explicitFileType = wrapper.cfbundle; includeInIndex = 0; path = "20210818-EvanTempleton-NYCSchoolsTests.xctest"; sourceTree = BUILT_PRODUCTS_DIR; };
		B3B74D4E26CDCACE00BE6FE8 /* _0210818_EvanTempleton_NYCSchoolsTests.swift */ = {isa = PBXFileReference; lastKnownFileType = sourcecode.swift; path = _0210818_EvanTempleton_NYCSchoolsTests.swift; sourceTree = "<group>"; };
		B3B74D5026CDCACE00BE6FE8 /* Info.plist */ = {isa = PBXFileReference; lastKnownFileType = text.plist.xml; path = Info.plist; sourceTree = "<group>"; };
		B3B74D5526CDCACE00BE6FE8 /* 20210818-EvanTempleton-NYCSchoolsUITests.xctest */ = {isa = PBXFileReference; explicitFileType = wrapper.cfbundle; includeInIndex = 0; path = "20210818-EvanTempleton-NYCSchoolsUITests.xctest"; sourceTree = BUILT_PRODUCTS_DIR; };
		B3B74D5926CDCACE00BE6FE8 /* _0210818_EvanTempleton_NYCSchoolsUITests.swift */ = {isa = PBXFileReference; lastKnownFileType = sourcecode.swift; path = _0210818_EvanTempleton_NYCSchoolsUITests.swift; sourceTree = "<group>"; };
		B3B74D5B26CDCACE00BE6FE8 /* Info.plist */ = {isa = PBXFileReference; lastKnownFileType = text.plist.xml; path = Info.plist; sourceTree = "<group>"; };
/* End PBXFileReference section */

/* Begin PBXFrameworksBuildPhase section */
		B3B74D3126CDCACB00BE6FE8 /* Frameworks */ = {
			isa = PBXFrameworksBuildPhase;
			buildActionMask = 2147483647;
			files = (
			);
			runOnlyForDeploymentPostprocessing = 0;
		};
		B3B74D4726CDCACE00BE6FE8 /* Frameworks */ = {
			isa = PBXFrameworksBuildPhase;
			buildActionMask = 2147483647;
			files = (
			);
			runOnlyForDeploymentPostprocessing = 0;
		};
		B3B74D5226CDCACE00BE6FE8 /* Frameworks */ = {
			isa = PBXFrameworksBuildPhase;
			buildActionMask = 2147483647;
			files = (
			);
			runOnlyForDeploymentPostprocessing = 0;
		};
/* End PBXFrameworksBuildPhase section */

/* Begin PBXGroup section */
		B3B74D2B26CDCACB00BE6FE8 = {
			isa = PBXGroup;
			children = (
				B3B74D3626CDCACB00BE6FE8 /* 20210818-EvanTempleton-NYCSchools */,
				B3B74D4D26CDCACE00BE6FE8 /* 20210818-EvanTempleton-NYCSchoolsTests */,
				B3B74D5826CDCACE00BE6FE8 /* 20210818-EvanTempleton-NYCSchoolsUITests */,
				B3B74D3526CDCACB00BE6FE8 /* Products */,
			);
			sourceTree = "<group>";
		};
		B3B74D3526CDCACB00BE6FE8 /* Products */ = {
			isa = PBXGroup;
			children = (
				B3B74D3426CDCACB00BE6FE8 /* 20210818-EvanTempleton-NYCSchools.app */,
				B3B74D4A26CDCACE00BE6FE8 /* 20210818-EvanTempleton-NYCSchoolsTests.xctest */,
				B3B74D5526CDCACE00BE6FE8 /* 20210818-EvanTempleton-NYCSchoolsUITests.xctest */,
			);
			name = Products;
			sourceTree = "<group>";
		};
		B3B74D3626CDCACB00BE6FE8 /* 20210818-EvanTempleton-NYCSchools */ = {
			isa = PBXGroup;
			children = (
				B3B74D3726CDCACB00BE6FE8 /* AppDelegate.swift */,
				B3B74D3926CDCACB00BE6FE8 /* SceneDelegate.swift */,
				B3B74D3B26CDCACB00BE6FE8 /* ViewController.swift */,
				B3B74D3D26CDCACB00BE6FE8 /* Main.storyboard */,
				B3B74D4026CDCACD00BE6FE8 /* Assets.xcassets */,
				B3B74D4226CDCACD00BE6FE8 /* LaunchScreen.storyboard */,
				B3B74D4526CDCACD00BE6FE8 /* Info.plist */,
			);
			path = "20210818-EvanTempleton-NYCSchools";
			sourceTree = "<group>";
		};
		B3B74D4D26CDCACE00BE6FE8 /* 20210818-EvanTempleton-NYCSchoolsTests */ = {
			isa = PBXGroup;
			children = (
				B3B74D4E26CDCACE00BE6FE8 /* _0210818_EvanTempleton_NYCSchoolsTests.swift */,
				B3B74D5026CDCACE00BE6FE8 /* Info.plist */,
			);
			path = "20210818-EvanTempleton-NYCSchoolsTests";
			sourceTree = "<group>";
		};
		B3B74D5826CDCACE00BE6FE8 /* 20210818-EvanTempleton-NYCSchoolsUITests */ = {
			isa = PBXGroup;
			children = (
				B3B74D5926CDCACE00BE6FE8 /* _0210818_EvanTempleton_NYCSchoolsUITests.swift */,
				B3B74D5B26CDCACE00BE6FE8 /* Info.plist */,
			);
			path = "20210818-EvanTempleton-NYCSchoolsUITests";
			sourceTree = "<group>";
		};
/* End PBXGroup section */

/* Begin PBXNativeTarget section */
		B3B74D3326CDCACB00BE6FE8 /* 20210818-EvanTempleton-NYCSchools */ = {
			isa = PBXNativeTarget;
			buildConfigurationList = B3B74D5E26CDCACE00BE6FE8 /* Build configuration list for PBXNativeTarget "20210818-EvanTempleton-NYCSchools" */;
			buildPhases = (
				B3B74D3026CDCACB00BE6FE8 /* Sources */,
				B3B74D3126CDCACB00BE6FE8 /* Frameworks */,
				B3B74D3226CDCACB00BE6FE8 /* Resources */,
			);
			buildRules = (
			);
			dependencies = (
			);
			name = "20210818-EvanTempleton-NYCSchools";
			productName = "20210818-EvanTempleton-NYCSchools";
			productReference = B3B74D3426CDCACB00BE6FE8 /* 20210818-EvanTempleton-NYCSchools.app */;
			productType = "com.apple.product-type.application";
		};
		B3B74D4926CDCACE00BE6FE8 /* 20210818-EvanTempleton-NYCSchoolsTests */ = {
			isa = PBXNativeTarget;
			buildConfigurationList = B3B74D6126CDCACE00BE6FE8 /* Build configuration list for PBXNativeTarget "20210818-EvanTempleton-NYCSchoolsTests" */;
			buildPhases = (
				B3B74D4626CDCACE00BE6FE8 /* Sources */,
				B3B74D4726CDCACE00BE6FE8 /* Frameworks */,
				B3B74D4826CDCACE00BE6FE8 /* Resources */,
			);
			buildRules = (
			);
			dependencies = (
				B3B74D4C26CDCACE00BE6FE8 /* PBXTargetDependency */,
			);
			name = "20210818-EvanTempleton-NYCSchoolsTests";
			productName = "20210818-EvanTempleton-NYCSchoolsTests";
			productReference = B3B74D4A26CDCACE00BE6FE8 /* 20210818-EvanTempleton-NYCSchoolsTests.xctest */;
			productType = "com.apple.product-type.bundle.unit-test";
		};
		B3B74D5426CDCACE00BE6FE8 /* 20210818-EvanTempleton-NYCSchoolsUITests */ = {
			isa = PBXNativeTarget;
			buildConfigurationList = B3B74D6426CDCACE00BE6FE8 /* Build configuration list for PBXNativeTarget "20210818-EvanTempleton-NYCSchoolsUITests" */;
			buildPhases = (
				B3B74D5126CDCACE00BE6FE8 /* Sources */,
				B3B74D5226CDCACE00BE6FE8 /* Frameworks */,
				B3B74D5326CDCACE00BE6FE8 /* Resources */,
			);
			buildRules = (
			);
			dependencies = (
				B3B74D5726CDCACE00BE6FE8 /* PBXTargetDependency */,
			);
			name = "20210818-EvanTempleton-NYCSchoolsUITests";
			productName = "20210818-EvanTempleton-NYCSchoolsUITests";
			productReference = B3B74D5526CDCACE00BE6FE8 /* 20210818-EvanTempleton-NYCSchoolsUITests.xctest */;
			productType = "com.apple.product-type.bundle.ui-testing";
		};
/* End PBXNativeTarget section */

/* Begin PBXProject section */
		B3B74D2C26CDCACB00BE6FE8 /* Project object */ = {
			isa = PBXProject;
			attributes = {
				LastSwiftUpdateCheck = 1250;
				LastUpgradeCheck = 1250;
				TargetAttributes = {
					B3B74D3326CDCACB00BE6FE8 = {
						CreatedOnToolsVersion = 12.5.1;
					};
					B3B74D4926CDCACE00BE6FE8 = {
						CreatedOnToolsVersion = 12.5.1;
						TestTargetID = B3B74D3326CDCACB00BE6FE8;
					};
					B3B74D5426CDCACE00BE6FE8 = {
						CreatedOnToolsVersion = 12.5.1;
						TestTargetID = B3B74D3326CDCACB00BE6FE8;
					};
				};
			};
			buildConfigurationList = B3B74D2F26CDCACB00BE6FE8 /* Build configuration list for PBXProject "20210818-EvanTempleton-NYCSchools" */;
			compatibilityVersion = "Xcode 9.3";
			developmentRegion = en;
			hasScannedForEncodings = 0;
			knownRegions = (
				en,
				Base,
			);
			mainGroup = B3B74D2B26CDCACB00BE6FE8;
			productRefGroup = B3B74D3526CDCACB00BE6FE8 /* Products */;
			projectDirPath = "";
			projectRoot = "";
			targets = (
				B3B74D3326CDCACB00BE6FE8 /* 20210818-EvanTempleton-NYCSchools */,
				B3B74D4926CDCACE00BE6FE8 /* 20210818-EvanTempleton-NYCSchoolsTests */,
				B3B74D5426CDCACE00BE6FE8 /* 20210818-EvanTempleton-NYCSchoolsUITests */,
			);
		};
/* End PBXProject section */

/* Begin PBXResourcesBuildPhase section */
		B3B74D3226CDCACB00BE6FE8 /* Resources */ = {
			isa = PBXResourcesBuildPhase;
			buildActionMask = 2147483647;
			files = (
				B3B74D4426CDCACD00BE6FE8 /* LaunchScreen.storyboard in Resources */,
				B3B74D4126CDCACD00BE6FE8 /* Assets.xcassets in Resources */,
				B3B74D3F26CDCACB00BE6FE8 /* Main.storyboard in Resources */,
			);
			runOnlyForDeploymentPostprocessing = 0;
		};
		B3B74D4826CDCACE00BE6FE8 /* Resources */ = {
			isa = PBXResourcesBuildPhase;
			buildActionMask = 2147483647;
			files = (
			);
			runOnlyForDeploymentPostprocessing = 0;
		};
		B3B74D5326CDCACE00BE6FE8 /* Resources */ = {
			isa = PBXResourcesBuildPhase;
			buildActionMask = 2147483647;
			files = (
			);
			runOnlyForDeploymentPostprocessing = 0;
		};
/* End PBXResourcesBuildPhase section */

/* Begin PBXSourcesBuildPhase section */
		B3B74D3026CDCACB00BE6FE8 /* Sources */ = {
			isa = PBXSourcesBuildPhase;
			buildActionMask = 2147483647;
			files = (
				B3B74D3C26CDCACB00BE6FE8 /* ViewController.swift in Sources */,
				B3B74D3826CDCACB00BE6FE8 /* AppDelegate.swift in Sources */,
				B3B74D3A26CDCACB00BE6FE8 /* SceneDelegate.swift in Sources */,
			);
			runOnlyForDeploymentPostprocessing = 0;
		};
		B3B74D4626CDCACE00BE6FE8 /* Sources */ = {
			isa = PBXSourcesBuildPhase;
			buildActionMask = 2147483647;
			files = (
				B3B74D4F26CDCACE00BE6FE8 /* _0210818_EvanTempleton_NYCSchoolsTests.swift in Sources */,
			);
			runOnlyForDeploymentPostprocessing = 0;
		};
		B3B74D5126CDCACE00BE6FE8 /* Sources */ = {
			isa = PBXSourcesBuildPhase;
			buildActionMask = 2147483647;
			files = (
				B3B74D5A26CDCACE00BE6FE8 /* _0210818_EvanTempleton_NYCSchoolsUITests.swift in Sources */,
			);
			runOnlyForDeploymentPostprocessing = 0;
		};
/* End PBXSourcesBuildPhase section */

/* Begin PBXTargetDependency section */
		B3B74D4C26CDCACE00BE6FE8 /* PBXTargetDependency */ = {
			isa = PBXTargetDependency;
			target = B3B74D3326CDCACB00BE6FE8 /* 20210818-EvanTempleton-NYCSchools */;
			targetProxy = B3B74D4B26CDCACE00BE6FE8 /* PBXContainerItemProxy */;
		};
		B3B74D5726CDCACE00BE6FE8 /* PBXTargetDependency */ = {
			isa = PBXTargetDependency;
			target = B3B74D3326CDCACB00BE6FE8 /* 20210818-EvanTempleton-NYCSchools */;
			targetProxy = B3B74D5626CDCACE00BE6FE8 /* PBXContainerItemProxy */;
		};
/* End PBXTargetDependency section */

/* Begin PBXVariantGroup section */
		B3B74D3D26CDCACB00BE6FE8 /* Main.storyboard */ = {
			isa = PBXVariantGroup;
			children = (
				B3B74D3E26CDCACB00BE6FE8 /* Base */,
			);
			name = Main.storyboard;
			sourceTree = "<group>";
		};
		B3B74D4226CDCACD00BE6FE8 /* LaunchScreen.storyboard */ = {
			isa = PBXVariantGroup;
			children = (
				B3B74D4326CDCACD00BE6FE8 /* Base */,
			);
			name = LaunchScreen.storyboard;
			sourceTree = "<group>";
		};
/* End PBXVariantGroup section */

/* Begin XCBuildConfiguration section */
		B3B74D5C26CDCACE00BE6FE8 /* Debug */ = {
			isa = XCBuildConfiguration;
			buildSettings = {
				ALWAYS_SEARCH_USER_PATHS = NO;
				CLANG_ANALYZER_NONNULL = YES;
				CLANG_ANALYZER_NUMBER_OBJECT_CONVERSION = YES_AGGRESSIVE;
				CLANG_CXX_LANGUAGE_STANDARD = "gnu++14";
				CLANG_CXX_LIBRARY = "libc++";
				CLANG_ENABLE_MODULES = YES;
				CLANG_ENABLE_OBJC_ARC = YES;
				CLANG_ENABLE_OBJC_WEAK = YES;
				CLANG_WARN_BLOCK_CAPTURE_AUTORELEASING = YES;
				CLANG_WARN_BOOL_CONVERSION = YES;
				CLANG_WARN_COMMA = YES;
				CLANG_WARN_CONSTANT_CONVERSION = YES;
				CLANG_WARN_DEPRECATED_OBJC_IMPLEMENTATIONS = YES;
				CLANG_WARN_DIRECT_OBJC_ISA_USAGE = YES_ERROR;
				CLANG_WARN_DOCUMENTATION_COMMENTS = YES;
				CLANG_WARN_EMPTY_BODY = YES;
				CLANG_WARN_ENUM_CONVERSION = YES;
				CLANG_WARN_INFINITE_RECURSION = YES;
				CLANG_WARN_INT_CONVERSION = YES;
				CLANG_WARN_NON_LITERAL_NULL_CONVERSION = YES;
				CLANG_WARN_OBJC_IMPLICIT_RETAIN_SELF = YES;
				CLANG_WARN_OBJC_LITERAL_CONVERSION = YES;
				CLANG_WARN_OBJC_ROOT_CLASS = YES_ERROR;
				CLANG_WARN_QUOTED_INCLUDE_IN_FRAMEWORK_HEADER = YES;
				CLANG_WARN_RANGE_LOOP_ANALYSIS = YES;
				CLANG_WARN_STRICT_PROTOTYPES = YES;
				CLANG_WARN_SUSPICIOUS_MOVE = YES;
				CLANG_WARN_UNGUARDED_AVAILABILITY = YES_AGGRESSIVE;
				CLANG_WARN_UNREACHABLE_CODE = YES;
				CLANG_WARN__DUPLICATE_METHOD_MATCH = YES;
				COPY_PHASE_STRIP = NO;
				DEBUG_INFORMATION_FORMAT = dwarf;
				ENABLE_STRICT_OBJC_MSGSEND = YES;
				ENABLE_TESTABILITY = YES;
				GCC_C_LANGUAGE_STANDARD = gnu11;
				GCC_DYNAMIC_NO_PIC = NO;
				GCC_NO_COMMON_BLOCKS = YES;
				GCC_OPTIMIZATION_LEVEL = 0;
				GCC_PREPROCESSOR_DEFINITIONS = (
					"DEBUG=1",
					"$(inherited)",
				);
				GCC_WARN_64_TO_32_BIT_CONVERSION = YES;
				GCC_WARN_ABOUT_RETURN_TYPE = YES_ERROR;
				GCC_WARN_UNDECLARED_SELECTOR = YES;
				GCC_WARN_UNINITIALIZED_AUTOS = YES_AGGRESSIVE;
				GCC_WARN_UNUSED_FUNCTION = YES;
				GCC_WARN_UNUSED_VARIABLE = YES;
				IPHONEOS_DEPLOYMENT_TARGET = 14.5;
				MTL_ENABLE_DEBUG_INFO = INCLUDE_SOURCE;
				MTL_FAST_MATH = YES;
				ONLY_ACTIVE_ARCH = YES;
				SDKROOT = iphoneos;
				SWIFT_ACTIVE_COMPILATION_CONDITIONS = DEBUG;
				SWIFT_OPTIMIZATION_LEVEL = "-Onone";
			};
			name = Debug;
		};
		B3B74D5D26CDCACE00BE6FE8 /* Release */ = {
			isa = XCBuildConfiguration;
			buildSettings = {
				ALWAYS_SEARCH_USER_PATHS = NO;
				CLANG_ANALYZER_NONNULL = YES;
				CLANG_ANALYZER_NUMBER_OBJECT_CONVERSION = YES_AGGRESSIVE;
				CLANG_CXX_LANGUAGE_STANDARD = "gnu++14";
				CLANG_CXX_LIBRARY = "libc++";
				CLANG_ENABLE_MODULES = YES;
				CLANG_ENABLE_OBJC_ARC = YES;
				CLANG_ENABLE_OBJC_WEAK = YES;
				CLANG_WARN_BLOCK_CAPTURE_AUTORELEASING = YES;
				CLANG_WARN_BOOL_CONVERSION = YES;
				CLANG_WARN_COMMA = YES;
				CLANG_WARN_CONSTANT_CONVERSION = YES;
				CLANG_WARN_DEPRECATED_OBJC_IMPLEMENTATIONS = YES;
				CLANG_WARN_DIRECT_OBJC_ISA_USAGE = YES_ERROR;
				CLANG_WARN_DOCUMENTATION_COMMENTS = YES;
				CLANG_WARN_EMPTY_BODY = YES;
				CLANG_WARN_ENUM_CONVERSION = YES;
				CLANG_WARN_INFINITE_RECURSION = YES;
				CLANG_WARN_INT_CONVERSION = YES;
				CLANG_WARN_NON_LITERAL_NULL_CONVERSION = YES;
				CLANG_WARN_OBJC_IMPLICIT_RETAIN_SELF = YES;
				CLANG_WARN_OBJC_LITERAL_CONVERSION = YES;
				CLANG_WARN_OBJC_ROOT_CLASS = YES_ERROR;
				CLANG_WARN_QUOTED_INCLUDE_IN_FRAMEWORK_HEADER = YES;
				CLANG_WARN_RANGE_LOOP_ANALYSIS = YES;
				CLANG_WARN_STRICT_PROTOTYPES = YES;
				CLANG_WARN_SUSPICIOUS_MOVE = YES;
				CLANG_WARN_UNGUARDED_AVAILABILITY = YES_AGGRESSIVE;
				CLANG_WARN_UNREACHABLE_CODE = YES;
				CLANG_WARN__DUPLICATE_METHOD_MATCH = YES;
				COPY_PHASE_STRIP = NO;
				DEBUG_INFORMATION_FORMAT = "dwarf-with-dsym";
				ENABLE_NS_ASSERTIONS = NO;
				ENABLE_STRICT_OBJC_MSGSEND = YES;
				GCC_C_LANGUAGE_STANDARD = gnu11;
				GCC_NO_COMMON_BLOCKS = YES;
				GCC_WARN_64_TO_32_BIT_CONVERSION = YES;
				GCC_WARN_ABOUT_RETURN_TYPE = YES_ERROR;
				GCC_WARN_UNDECLARED_SELECTOR = YES;
				GCC_WARN_UNINITIALIZED_AUTOS = YES_AGGRESSIVE;
				GCC_WARN_UNUSED_FUNCTION = YES;
				GCC_WARN_UNUSED_VARIABLE = YES;
				IPHONEOS_DEPLOYMENT_TARGET = 14.5;
				MTL_ENABLE_DEBUG_INFO = NO;
				MTL_FAST_MATH = YES;
				SDKROOT = iphoneos;
				SWIFT_COMPILATION_MODE = wholemodule;
				SWIFT_OPTIMIZATION_LEVEL = "-O";
				VALIDATE_PRODUCT = YES;
			};
			name = Release;
		};
		B3B74D5F26CDCACE00BE6FE8 /* Debug */ = {
			isa = XCBuildConfiguration;
			buildSettings = {
				ASSETCATALOG_COMPILER_APPICON_NAME = AppIcon;
				ASSETCATALOG_COMPILER_GLOBAL_ACCENT_COLOR_NAME = AccentColor;
				CODE_SIGN_STYLE = Automatic;
				DEVELOPMENT_TEAM = J95SAB5D3H;
				INFOPLIST_FILE = "20210818-EvanTempleton-NYCSchools/Info.plist";
				LD_RUNPATH_SEARCH_PATHS = (
					"$(inherited)",
					"@executable_path/Frameworks",
				);
				PRODUCT_BUNDLE_IDENTIFIER = "com.evantempleton.-0210818-EvanTempleton-NYCSchools";
				PRODUCT_NAME = "$(TARGET_NAME)";
				SWIFT_VERSION = 5.0;
				TARGETED_DEVICE_FAMILY = "1,2";
			};
			name = Debug;
		};
		B3B74D6026CDCACE00BE6FE8 /* Release */ = {
			isa = XCBuildConfiguration;
			buildSettings = {
				ASSETCATALOG_COMPILER_APPICON_NAME = AppIcon;
				ASSETCATALOG_COMPILER_GLOBAL_ACCENT_COLOR_NAME = AccentColor;
				CODE_SIGN_STYLE = Automatic;
				DEVELOPMENT_TEAM = J95SAB5D3H;
				INFOPLIST_FILE = "20210818-EvanTempleton-NYCSchools/Info.plist";
				LD_RUNPATH_SEARCH_PATHS = (
					"$(inherited)",
					"@executable_path/Frameworks",
				);
				PRODUCT_BUNDLE_IDENTIFIER = "com.evantempleton.-0210818-EvanTempleton-NYCSchools";
				PRODUCT_NAME = "$(TARGET_NAME)";
				SWIFT_VERSION = 5.0;
				TARGETED_DEVICE_FAMILY = "1,2";
			};
			name = Release;
		};
		B3B74D6226CDCACE00BE6FE8 /* Debug */ = {
			isa = XCBuildConfiguration;
			buildSettings = {
				ALWAYS_EMBED_SWIFT_STANDARD_LIBRARIES = YES;
				BUNDLE_LOADER = "$(TEST_HOST)";
				CODE_SIGN_STYLE = Automatic;
				DEVELOPMENT_TEAM = J95SAB5D3H;
				INFOPLIST_FILE = "20210818-EvanTempleton-NYCSchoolsTests/Info.plist";
				IPHONEOS_DEPLOYMENT_TARGET = 14.5;
				LD_RUNPATH_SEARCH_PATHS = (
					"$(inherited)",
					"@executable_path/Frameworks",
					"@loader_path/Frameworks",
				);
				PRODUCT_BUNDLE_IDENTIFIER = "com.evantempleton.-0210818-EvanTempleton-NYCSchoolsTests";
				PRODUCT_NAME = "$(TARGET_NAME)";
				SWIFT_VERSION = 5.0;
				TARGETED_DEVICE_FAMILY = "1,2";
				TEST_HOST = "$(BUILT_PRODUCTS_DIR)/20210818-EvanTempleton-NYCSchools.app/20210818-EvanTempleton-NYCSchools";
			};
			name = Debug;
		};
		B3B74D6326CDCACE00BE6FE8 /* Release */ = {
			isa = XCBuildConfiguration;
			buildSettings = {
				ALWAYS_EMBED_SWIFT_STANDARD_LIBRARIES = YES;
				BUNDLE_LOADER = "$(TEST_HOST)";
				CODE_SIGN_STYLE = Automatic;
				DEVELOPMENT_TEAM = J95SAB5D3H;
				INFOPLIST_FILE = "20210818-EvanTempleton-NYCSchoolsTests/Info.plist";
				IPHONEOS_DEPLOYMENT_TARGET = 14.5;
				LD_RUNPATH_SEARCH_PATHS = (
					"$(inherited)",
					"@executable_path/Frameworks",
					"@loader_path/Frameworks",
				);
				PRODUCT_BUNDLE_IDENTIFIER = "com.evantempleton.-0210818-EvanTempleton-NYCSchoolsTests";
				PRODUCT_NAME = "$(TARGET_NAME)";
				SWIFT_VERSION = 5.0;
				TARGETED_DEVICE_FAMILY = "1,2";
				TEST_HOST = "$(BUILT_PRODUCTS_DIR)/20210818-EvanTempleton-NYCSchools.app/20210818-EvanTempleton-NYCSchools";
			};
			name = Release;
		};
		B3B74D6526CDCACE00BE6FE8 /* Debug */ = {
			isa = XCBuildConfiguration;
			buildSettings = {
				ALWAYS_EMBED_SWIFT_STANDARD_LIBRARIES = YES;
				CODE_SIGN_STYLE = Automatic;
				DEVELOPMENT_TEAM = J95SAB5D3H;
				INFOPLIST_FILE = "20210818-EvanTempleton-NYCSchoolsUITests/Info.plist";
				LD_RUNPATH_SEARCH_PATHS = (
					"$(inherited)",
					"@executable_path/Frameworks",
					"@loader_path/Frameworks",
				);
				PRODUCT_BUNDLE_IDENTIFIER = "com.evantempleton.-0210818-EvanTempleton-NYCSchoolsUITests";
				PRODUCT_NAME = "$(TARGET_NAME)";
				SWIFT_VERSION = 5.0;
				TARGETED_DEVICE_FAMILY = "1,2";
				TEST_TARGET_NAME = "20210818-EvanTempleton-NYCSchools";
			};
			name = Debug;
		};
		B3B74D6626CDCACE00BE6FE8 /* Release */ = {
			isa = XCBuildConfiguration;
			buildSettings = {
				ALWAYS_EMBED_SWIFT_STANDARD_LIBRARIES = YES;
				CODE_SIGN_STYLE = Automatic;
				DEVELOPMENT_TEAM = J95SAB5D3H;
				INFOPLIST_FILE = "20210818-EvanTempleton-NYCSchoolsUITests/Info.plist";
				LD_RUNPATH_SEARCH_PATHS = (
					"$(inherited)",
					"@executable_path/Frameworks",
					"@loader_path/Frameworks",
				);
				PRODUCT_BUNDLE_IDENTIFIER = "com.evantempleton.-0210818-EvanTempleton-NYCSchoolsUITests";
				PRODUCT_NAME = "$(TARGET_NAME)";
				SWIFT_VERSION = 5.0;
				TARGETED_DEVICE_FAMILY = "1,2";
				TEST_TARGET_NAME = "20210818-EvanTempleton-NYCSchools";
			};
			name = Release;
		};
/* End XCBuildConfiguration section */

/* Begin XCConfigurationList section */
		B3B74D2F26CDCACB00BE6FE8 /* Build configuration list for PBXProject "20210818-EvanTempleton-NYCSchools" */ = {
			isa = XCConfigurationList;
			buildConfigurations = (
				B3B74D5C26CDCACE00BE6FE8 /* Debug */,
				B3B74D5D26CDCACE00BE6FE8 /* Release */,
			);
			defaultConfigurationIsVisible = 0;
			defaultConfigurationName = Release;
		};
		B3B74D5E26CDCACE00BE6FE8 /* Build configuration list for PBXNativeTarget "20210818-EvanTempleton-NYCSchools" */ = {
			isa = XCConfigurationList;
			buildConfigurations = (
				B3B74D5F26CDCACE00BE6FE8 /* Debug */,
				B3B74D6026CDCACE00BE6FE8 /* Release */,
			);
			defaultConfigurationIsVisible = 0;
			defaultConfigurationName = Release;
		};
		B3B74D6126CDCACE00BE6FE8 /* Build configuration list for PBXNativeTarget "20210818-EvanTempleton-NYCSchoolsTests" */ = {
			isa = XCConfigurationList;
			buildConfigurations = (
				B3B74D6226CDCACE00BE6FE8 /* Debug */,
				B3B74D6326CDCACE00BE6FE8 /* Release */,
			);
			defaultConfigurationIsVisible = 0;
			defaultConfigurationName = Release;
		};
		B3B74D6426CDCACE00BE6FE8 /* Build configuration list for PBXNativeTarget "20210818-EvanTempleton-NYCSchoolsUITests" */ = {
			isa = XCConfigurationList;
			buildConfigurations = (
				B3B74D6526CDCACE00BE6FE8 /* Debug */,
				B3B74D6626CDCACE00BE6FE8 /* Release */,
			);
			defaultConfigurationIsVisible = 0;
			defaultConfigurationName = Release;
		};
/* End XCConfigurationList section */
	};
	rootObject = B3B74D2C26CDCACB00BE6FE8 /* Project object */;
}
